// !$*UTF8*$!
{
	archiveVersion = 1;
	classes = {
	};
	objectVersion = 46;
	objects = {

/* Begin PBXBuildFile section */
		6596DF9A1C93F04A00F17E6A /* CustomCollectionViewCell.m in Sources */ = {isa = PBXBuildFile; fileRef = 6596DF981C93F04A00F17E6A /* CustomCollectionViewCell.m */; };
		6596DF9B1C93F04A00F17E6A /* CustomCollectionViewCell.xib in Resources */ = {isa = PBXBuildFile; fileRef = 6596DF991C93F04A00F17E6A /* CustomCollectionViewCell.xib */; };
		6596DF9E1C9409F600F17E6A /* CircleLayout.m in Sources */ = {isa = PBXBuildFile; fileRef = 6596DF9D1C9409F600F17E6A /* CircleLayout.m */; };
		65A4856D1C93EC44003EC4C7 /* main.m in Sources */ = {isa = PBXBuildFile; fileRef = 65A4856C1C93EC44003EC4C7 /* main.m */; };
		65A485701C93EC44003EC4C7 /* AppDelegate.m in Sources */ = {isa = PBXBuildFile; fileRef = 65A4856F1C93EC44003EC4C7 /* AppDelegate.m */; };
		65A485731C93EC44003EC4C7 /* ViewController.m in Sources */ = {isa = PBXBuildFile; fileRef = 65A485721C93EC44003EC4C7 /* ViewController.m */; };
		65A485761C93EC44003EC4C7 /* Main.storyboard in Resources */ = {isa = PBXBuildFile; fileRef = 65A485741C93EC44003EC4C7 /* Main.storyboard */; };
		65A485781C93EC44003EC4C7 /* Assets.xcassets in Resources */ = {isa = PBXBuildFile; fileRef = 65A485771C93EC44003EC4C7 /* Assets.xcassets */; };
		65A4857B1C93EC44003EC4C7 /* LaunchScreen.storyboard in Resources */ = {isa = PBXBuildFile; fileRef = 65A485791C93EC44003EC4C7 /* LaunchScreen.storyboard */; };
		65A485841C93EEC8003EC4C7 /* LineLayout.m in Sources */ = {isa = PBXBuildFile; fileRef = 65A485831C93EEC8003EC4C7 /* LineLayout.m */; };
/* End PBXBuildFile section */

/* Begin PBXFileReference section */
		6596DF971C93F04A00F17E6A /* CustomCollectionViewCell.h */ = {isa = PBXFileReference; fileEncoding = 4; lastKnownFileType = sourcecode.c.h; path = CustomCollectionViewCell.h; sourceTree = "<group>"; };
		6596DF981C93F04A00F17E6A /* CustomCollectionViewCell.m */ = {isa = PBXFileReference; fileEncoding = 4; lastKnownFileType = sourcecode.c.objc; path = CustomCollectionViewCell.m; sourceTree = "<group>"; };
		6596DF991C93F04A00F17E6A /* CustomCollectionViewCell.xib */ = {isa = PBXFileReference; fileEncoding = 4; lastKnownFileType = file.xib; path = CustomCollectionViewCell.xib; sourceTree = "<group>"; };
		6596DF9C1C9409F600F17E6A /* CircleLayout.h */ = {isa = PBXFileReference; fileEncoding = 4; lastKnownFileType = sourcecode.c.h; path = CircleLayout.h; sourceTree = "<group>"; };
		6596DF9D1C9409F600F17E6A /* CircleLayout.m */ = {isa = PBXFileReference; fileEncoding = 4; lastKnownFileType = sourcecode.c.objc; path = CircleLayout.m; sourceTree = "<group>"; };
		65A485681C93EC44003EC4C7 /* CustomLayout.app */ = {isa = PBXFileReference; explicitFileType = wrapper.application; includeInIndex = 0; path = CustomLayout.app; sourceTree = BUILT_PRODUCTS_DIR; };
		65A4856C1C93EC44003EC4C7 /* main.m */ = {isa = PBXFileReference; lastKnownFileType = sourcecode.c.objc; path = main.m; sourceTree = "<group>"; };
		65A4856E1C93EC44003EC4C7 /* AppDelegate.h */ = {isa = PBXFileReference; lastKnownFileType = sourcecode.c.h; path = AppDelegate.h; sourceTree = "<group>"; };
		65A4856F1C93EC44003EC4C7 /* AppDelegate.m */ = {isa = PBXFileReference; lastKnownFileType = sourcecode.c.objc; path = AppDelegate.m; sourceTree = "<group>"; };
		65A485711C93EC44003EC4C7 /* ViewController.h */ = {isa = PBXFileReference; lastKnownFileType = sourcecode.c.h; path = ViewController.h; sourceTree = "<group>"; };
		65A485721C93EC44003EC4C7 /* ViewController.m */ = {isa = PBXFileReference; lastKnownFileType = sourcecode.c.objc; path = ViewController.m; sourceTree = "<group>"; };
		65A485751C93EC44003EC4C7 /* Base */ = {isa = PBXFileReference; lastKnownFileType = file.storyboard; name = Base; path = Base.lproj/Main.storyboard; sourceTree = "<group>"; };
		65A485771C93EC44003EC4C7 /* Assets.xcassets */ = {isa = PBXFileReference; lastKnownFileType = folder.assetcatalog; path = Assets.xcassets; sourceTree = "<group>"; };
		65A4857A1C93EC44003EC4C7 /* Base */ = {isa = PBXFileReference; lastKnownFileType = file.storyboard; name = Base; path = Base.lproj/LaunchScreen.storyboard; sourceTree = "<group>"; };
		65A4857C1C93EC44003EC4C7 /* Info.plist */ = {isa = PBXFileReference; lastKnownFileType = text.plist.xml; path = Info.plist; sourceTree = "<group>"; };
		65A485821C93EEC8003EC4C7 /* LineLayout.h */ = {isa = PBXFileReference; fileEncoding = 4; lastKnownFileType = sourcecode.c.h; path = LineLayout.h; sourceTree = "<group>"; };
		65A485831C93EEC8003EC4C7 /* LineLayout.m */ = {isa = PBXFileReference; fileEncoding = 4; lastKnownFileType = sourcecode.c.objc; path = LineLayout.m; sourceTree = "<group>"; };
/* End PBXFileReference section */

/* Begin PBXFrameworksBuildPhase section */
		65A485651C93EC44003EC4C7 /* Frameworks */ = {
			isa = PBXFrameworksBuildPhase;
			buildActionMask = 2147483647;
			files = (
			);
			runOnlyForDeploymentPostprocessing = 0;
		};
/* End PBXFrameworksBuildPhase section */

/* Begin PBXGroup section */
		65A4855F1C93EC44003EC4C7 = {
			isa = PBXGroup;
			children = (
				65A4856A1C93EC44003EC4C7 /* CustomLayout */,
				65A485691C93EC44003EC4C7 /* Products */,
			);
			sourceTree = "<group>";
		};
		65A485691C93EC44003EC4C7 /* Products */ = {
			isa = PBXGroup;
			children = (
				65A485681C93EC44003EC4C7 /* CustomLayout.app */,
			);
			name = Products;
			sourceTree = "<group>";
		};
		65A4856A1C93EC44003EC4C7 /* CustomLayout */ = {
			isa = PBXGroup;
			children = (
				65A4856E1C93EC44003EC4C7 /* AppDelegate.h */,
				65A4856F1C93EC44003EC4C7 /* AppDelegate.m */,
				65A485711C93EC44003EC4C7 /* ViewController.h */,
				65A485721C93EC44003EC4C7 /* ViewController.m */,
				65A485821C93EEC8003EC4C7 /* LineLayout.h */,
				65A485831C93EEC8003EC4C7 /* LineLayout.m */,
				6596DF9C1C9409F600F17E6A /* CircleLayout.h */,
				6596DF9D1C9409F600F17E6A /* CircleLayout.m */,
				65A485741C93EC44003EC4C7 /* Main.storyboard */,
				6596DF971C93F04A00F17E6A /* CustomCollectionViewCell.h */,
				6596DF981C93F04A00F17E6A /* CustomCollectionViewCell.m */,
				6596DF991C93F04A00F17E6A /* CustomCollectionViewCell.xib */,
				65A485771C93EC44003EC4C7 /* Assets.xcassets */,
				65A485791C93EC44003EC4C7 /* LaunchScreen.storyboard */,
				65A4857C1C93EC44003EC4C7 /* Info.plist */,
				65A4856B1C93EC44003EC4C7 /* Supporting Files */,
			);
			path = CustomLayout;
			sourceTree = "<group>";
		};
		65A4856B1C93EC44003EC4C7 /* Supporting Files */ = {
			isa = PBXGroup;
			children = (
				65A4856C1C93EC44003EC4C7 /* main.m */,
			);
			name = "Supporting Files";
			sourceTree = "<group>";
		};
/* End PBXGroup section */

/* Begin PBXNativeTarget section */
		65A485671C93EC44003EC4C7 /* CustomLayout */ = {
			isa = PBXNativeTarget;
			buildConfigurationList = 65A4857F1C93EC44003EC4C7 /* Build configuration list for PBXNativeTarget "CustomLayout" */;
			buildPhases = (
				65A485641C93EC44003EC4C7 /* Sources */,
				65A485651C93EC44003EC4C7 /* Frameworks */,
				65A485661C93EC44003EC4C7 /* Resources */,
			);
			buildRules = (
			);
			dependencies = (
			);
			name = CustomLayout;
			productName = CustomLayout;
			productReference = 65A485681C93EC44003EC4C7 /* CustomLayout.app */;
			productType = "com.apple.product-type.application";
		};
/* End PBXNativeTarget section */

/* Begin PBXProject section */
		65A485601C93EC44003EC4C7 /* Project object */ = {
			isa = PBXProject;
			attributes = {
				LastUpgradeCheck = 0820;
				ORGANIZATIONNAME = Fay;
				TargetAttributes = {
					65A485671C93EC44003EC4C7 = {
						CreatedOnToolsVersion = 7.2.1;
						DevelopmentTeam = NRZG3Z79NX;
					};
				};
			};
			buildConfigurationList = 65A485631C93EC44003EC4C7 /* Build configuration list for PBXProject "CustomLayout" */;
			compatibilityVersion = "Xcode 3.2";
			developmentRegion = English;
			hasScannedForEncodings = 0;
			knownRegions = (
				en,
				Base,
			);
			mainGroup = 65A4855F1C93EC44003EC4C7;
			productRefGroup = 65A485691C93EC44003EC4C7 /* Products */;
			projectDirPath = "";
			projectRoot = "";
			targets = (
				65A485671C93EC44003EC4C7 /* CustomLayout */,
			);
		};
/* End PBXProject section */

/* Begin PBXResourcesBuildPhase section */
		65A485661C93EC44003EC4C7 /* Resources */ = {
			isa = PBXResourcesBuildPhase;
			buildActionMask = 2147483647;
			files = (
				65A4857B1C93EC44003EC4C7 /* LaunchScreen.storyboard in Resources */,
				65A485781C93EC44003EC4C7 /* Assets.xcassets in Resources */,
				65A485761C93EC44003EC4C7 /* Main.storyboard in Resources */,
				6596DF9B1C93F04A00F17E6A /* CustomCollectionViewCell.xib in Resources */,
			);
			runOnlyForDeploymentPostprocessing = 0;
		};
/* End PBXResourcesBuildPhase section */

/* Begin PBXSourcesBuildPhase section */
		65A485641C93EC44003EC4C7 /* Sources */ = {
			isa = PBXSourcesBuildPhase;
			buildActionMask = 2147483647;
			files = (
				65A485731C93EC44003EC4C7 /* ViewController.m in Sources */,
				65A485701C93EC44003EC4C7 /* AppDelegate.m in Sources */,
				65A485841C93EEC8003EC4C7 /* LineLayout.m in Sources */,
				65A4856D1C93EC44003EC4C7 /* main.m in Sources */,
				6596DF9A1C93F04A00F17E6A /* CustomCollectionViewCell.m in Sources */,
				6596DF9E1C9409F600F17E6A /* CircleLayout.m in Sources */,
			);
			runOnlyForDeploymentPostprocessing = 0;
		};
/* End PBXSourcesBuildPhase section */

/* Begin PBXVariantGroup section */
		65A485741C93EC44003EC4C7 /* Main.storyboard */ = {
			isa = PBXVariantGroup;
			children = (
				65A485751C93EC44003EC4C7 /* Base */,
			);
			name = Main.storyboard;
			sourceTree = "<group>";
		};
		65A485791C93EC44003EC4C7 /* LaunchScreen.storyboard */ = {
			isa = PBXVariantGroup;
			children = (
				65A4857A1C93EC44003EC4C7 /* Base */,
			);
			name = LaunchScreen.storyboard;
			sourceTree = "<group>";
		};
/* End PBXVariantGroup section */

/* Begin XCBuildConfiguration section */
		65A4857D1C93EC44003EC4C7 /* Debug */ = {
			isa = XCBuildConfiguration;
			buildSettings = {
				ALWAYS_SEARCH_USER_PATHS = NO;
				CLANG_CXX_LANGUAGE_STANDARD = "gnu++0x";
				CLANG_CXX_LIBRARY = "libc++";
				CLANG_ENABLE_MODULES = YES;
				CLANG_ENABLE_OBJC_ARC = YES;
				CLANG_WARN_BOOL_CONVERSION = YES;
				CLANG_WARN_CONSTANT_CONVERSION = YES;
				CLANG_WARN_DIRECT_OBJC_ISA_USAGE = YES_ERROR;
				CLANG_WARN_EMPTY_BODY = YES;
				CLANG_WARN_ENUM_CONVERSION = YES;
				CLANG_WARN_INFINITE_RECURSION = YES;
				CLANG_WARN_INT_CONVERSION = YES;
				CLANG_WARN_OBJC_ROOT_CLASS = YES_ERROR;
				CLANG_WARN_SUSPICIOUS_MOVE = YES;
				CLANG_WARN_UNREACHABLE_CODE = YES;
				CLANG_WARN__DUPLICATE_METHOD_MATCH = YES;
				"CODE_SIGN_IDENTITY[sdk=iphoneos*]" = "iPhone Developer";
				COPY_PHASE_STRIP = NO;
				DEBUG_INFORMATION_FORMAT = dwarf;
				ENABLE_STRICT_OBJC_MSGSEND = YES;
				ENABLE_TESTABILITY = YES;
				GCC_C_LANGUAGE_STANDARD = gnu99;
				GCC_DYNAMIC_NO_PIC = NO;
				GCC_NO_COMMON_BLOCKS = YES;
				GCC_OPTIMIZATION_LEVEL = 0;
				GCC_PREPROCESSOR_DEFINITIONS = (
					"DEBUG=1",
					"$(inherited)",
				);
				GCC_WARN_64_TO_32_BIT_CONVERSION = YES;
				GCC_WARN_ABOUT_RETURN_TYPE = YES_ERROR;
				GCC_WARN_UNDECLARED_SELECTOR = YES;
				GCC_WARN_UNINITIALIZED_AUTOS = YES_AGGRESSIVE;
				GCC_WARN_UNUSED_FUNCTION = YES;
				GCC_WARN_UNUSED_VARIABLE = YES;
				IPHONEOS_DEPLOYMENT_TARGET = 9.2;
				MTL_ENABLE_DEBUG_INFO = YES;
				ONLY_ACTIVE_ARCH = YES;
				SDKROOT = iphoneos;
			};
			name = Debug;
		};
		65A4857E1C93EC44003EC4C7 /* Release */ = {
			isa = XCBuildConfiguration;
			buildSettings = {
				ALWAYS_SEARCH_USER_PATHS = NO;
				CLANG_CXX_LANGUAGE_STANDARD = "gnu++0x";
				CLANG_CXX_LIBRARY = "libc++";
				CLANG_ENABLE_MODULES = YES;
				CLANG_ENABLE_OBJC_ARC = YES;
				CLANG_WARN_BOOL_CONVERSION = YES;
				CLANG_WARN_CONSTANT_CONVERSION = YES;
				CLANG_WARN_DIRECT_OBJC_ISA_USAGE = YES_ERROR;
				CLANG_WARN_EMPTY_BODY = YES;
				CLANG_WARN_ENUM_CONVERSION = YES;
				CLANG_WARN_INFINITE_RECURSION = YES;
				CLANG_WARN_INT_CONVERSION = YES;
				CLANG_WARN_OBJC_ROOT_CLASS = YES_ERROR;
				CLANG_WARN_SUSPICIOUS_MOVE = YES;
				CLANG_WARN_UNREACHABLE_CODE = YES;
				CLANG_WARN__DUPLICATE_METHOD_MATCH = YES;
				"CODE_SIGN_IDENTITY[sdk=iphoneos*]" = "iPhone Developer";
				COPY_PHASE_STRIP = NO;
				DEBUG_INFORMATION_FORMAT = "dwarf-with-dsym";
				ENABLE_NS_ASSERTIONS = NO;
				ENABLE_STRICT_OBJC_MSGSEND = YES;
				GCC_C_LANGUAGE_STANDARD = gnu99;
				GCC_NO_COMMON_BLOCKS = YES;
				GCC_WARN_64_TO_32_BIT_CONVERSION = YES;
				GCC_WARN_ABOUT_RETURN_TYPE = YES_ERROR;
				GCC_WARN_UNDECLARED_SELECTOR = YES;
				GCC_WARN_UNINITIALIZED_AUTOS = YES_AGGRESSIVE;
				GCC_WARN_UNUSED_FUNCTION = YES;
				GCC_WARN_UNUSED_VARIABLE = YES;
				IPHONEOS_DEPLOYMENT_TARGET = 9.2;
				MTL_ENABLE_DEBUG_INFO = NO;
				SDKROOT = iphoneos;
				VALIDATE_PRODUCT = YES;
			};
			name = Release;
		};
		65A485801C93EC44003EC4C7 /* Debug */ = {
			isa = XCBuildConfiguration;
			buildSettings = {
				ASSETCATALOG_COMPILER_APPICON_NAME = AppIcon;
				INFOPLIST_FILE = CustomLayout/Info.plist;
				LD_RUNPATH_SEARCH_PATHS = "$(inherited) @executable_path/Frameworks";
				PRODUCT_BUNDLE_IDENTIFIER = com.fay.CustomLayout;
				PRODUCT_NAME = "$(TARGET_NAME)";
			};
			name = Debug;
		};
		65A485811C93EC44003EC4C7 /* Release */ = {
			isa = XCBuildConfiguration;
			buildSettings = {
				ASSETCATALOG_COMPILER_APPICON_NAME = AppIcon;
				INFOPLIST_FILE = CustomLayout/Info.plist;
				LD_RUNPATH_SEARCH_PATHS = "$(inherited) @executable_path/Frameworks";
				PRODUCT_BUNDLE_IDENTIFIER = com.fay.CustomLayout;
				PRODUCT_NAME = "$(TARGET_NAME)";
			};
			name = Release;
		};
/* End XCBuildConfiguration section */

/* Begin XCConfigurationList section */
		65A485631C93EC44003EC4C7 /* Build configuration list for PBXProject "CustomLayout" */ = {
			isa = XCConfigurationList;
			buildConfigurations = (
				65A4857D1C93EC44003EC4C7 /* Debug */,
				65A4857E1C93EC44003EC4C7 /* Release */,
			);
			defaultConfigurationIsVisible = 0;
			defaultConfigurationName = Release;
		};
		65A4857F1C93EC44003EC4C7 /* Build configuration list for PBXNativeTarget "CustomLayout" */ = {
			isa = XCConfigurationList;
			buildConfigurations = (
				65A485801C93EC44003EC4C7 /* Debug */,
				65A485811C93EC44003EC4C7 /* Release */,
			);
			defaultConfigurationIsVisible = 0;
			defaultConfigurationName = Release;
		};
/* End XCConfigurationList section */
	};
	rootObject = 65A485601C93EC44003EC4C7 /* Project object */;
}
